
Microsoft Visual Studio Solution File, Format Version 12.00
# Visual Studio Version 17
VisualStudioVersion = 17.11.35327.3
MinimumVisualStudioVersion = 10.0.40219.1
Project("{2150E333-8FDC-42A3-9474-1A3956D46DE8}") = "Microservices", "Microservices", "{5371B40A-B93B-467B-A0EA-1700524CE892}"
EndProject
Project("{2150E333-8FDC-42A3-9474-1A3956D46DE8}") = "GetSpecials", "GetSpecials", "{9E0A49B8-FA08-42A7-A185-5063A20625BE}"
EndProject
Project("{2150E333-8FDC-42A3-9474-1A3956D46DE8}") = "src", "src", "{E583EAD3-484B-47AC-B08B-2B11A7F5132C}"
EndProject
Project("{2150E333-8FDC-42A3-9474-1A3956D46DE8}") = "test", "test", "{1CAC7338-E54F-4A8A-A30A-84E81CD46196}"
EndProject
Project("{2150E333-8FDC-42A3-9474-1A3956D46DE8}") = "Frontend", "Frontend", "{6A984489-F3DD-438E-929E-89327308C045}"
EndProject
Project("{9A19103F-16F7-4668-BE54-9A1E7A4F7556}") = "Northwind.BlazingPizza.GetSpecials.Entities", "src\Northwind.BlazingPizza.GetSpecials.Entities\Northwind.BlazingPizza.GetSpecials.Entities.csproj", "{7CA69792-9CAB-4D10-BF49-478C0662B9CA}"
EndProject
Project("{9A19103F-16F7-4668-BE54-9A1E7A4F7556}") = "Northwind.BlazingPizza.GetSpecials.BusinessObjects", "src\Northwind.BlazingPizza.GetSpecials.BusinessObjects\Northwind.BlazingPizza.GetSpecials.BusinessObjects.csproj", "{5E6CF0C6-D457-4B72-906B-D15F014992A7}"
EndProject
Project("{9A19103F-16F7-4668-BE54-9A1E7A4F7556}") = "Northwind.BlazingPizza.GetSpecials.Core", "src\Northwind.BlazingPizza.GetSpecials.Core\Northwind.BlazingPizza.GetSpecials.Core.csproj", "{70B6A37C-95B1-4F1F-8F41-79DD1B14C6BF}"
EndProject
Project("{9A19103F-16F7-4668-BE54-9A1E7A4F7556}") = "Northwind.BlazingPizza.GetSpecials.Core.Tests", "test\Northwind.BlazingPizza.GetSpecials.Core.Tests\Northwind.BlazingPizza.GetSpecials.Core.Tests.csproj", "{0493B0D4-6D8E-4058-B3C9-725186B73C7F}"
EndProject
Project("{9A19103F-16F7-4668-BE54-9A1E7A4F7556}") = "Northwind.BlazingPizza.GetSpecials.Repositories", "src\Northwind.BlazingPizza.GetSpecials.Repositories\Northwind.BlazingPizza.GetSpecials.Repositories.csproj", "{316484E0-F3E7-4C0F-9518-40EC93B24D57}"
EndProject
Project("{9A19103F-16F7-4668-BE54-9A1E7A4F7556}") = "Northwind.BlazingPizza.GetSpecials.IoC", "src\Northwind.BlazingPizza.GetSpecials.IoC\Northwind.BlazingPizza.GetSpecials.IoC.csproj", "{48DCF5A6-EDFE-499E-90DC-6C232CFB389A}"
EndProject
Project("{9A19103F-16F7-4668-BE54-9A1E7A4F7556}") = "Northwind.BlazingPizza.GetSpecials.WebApi", "src\Northwind.BlazingPizza.GetSpecials.WebApi\Northwind.BlazingPizza.GetSpecials.WebApi.csproj", "{4470D656-924D-40D2-8835-976D7A25C1FC}"
EndProject
Project("{9A19103F-16F7-4668-BE54-9A1E7A4F7556}") = "Northwind.BlazingPizza.RazorViews", "src\Northwind.BlazingPizza.RazorViews\Northwind.BlazingPizza.RazorViews.csproj", "{EE4C0245-D268-41F2-B3C6-8D378F709840}"
EndProject
Project("{9A19103F-16F7-4668-BE54-9A1E7A4F7556}") = "Northwind.BlazingPizza.Proxies", "src\Northwind.BlazingPizza.Proxies\Northwind.BlazingPizza.Proxies.csproj", "{E8B65384-BD23-4170-8292-11758A393F6E}"
EndProject
Project("{9A19103F-16F7-4668-BE54-9A1E7A4F7556}") = "Northwind.BlazingPizza.WebAppClient", "src\Northwind.BlazingPizza.WebAppClient\Northwind.BlazingPizza.WebAppClient.csproj", "{6FD961A8-8725-448C-BFE0-3F890B810850}"
EndProject
Project("{9A19103F-16F7-4668-BE54-9A1E7A4F7556}") = "Northwind.BlazingPizza.ViewModels", "src\Northwind.BlazingPizza.ViewModels\Northwind.BlazingPizza.ViewModels.csproj", "{9CCA846A-1ADE-4C62-A7C7-A5A4935E2A54}"
EndProject
Project("{E53339B2-1760-4266-BCC7-CA923CBCF16C}") = "docker-compose", "docker-compose.dcproj", "{8A8E3926-1024-4B15-B45F-8472EF0E5AEB}"
EndProject
Global
	GlobalSection(SolutionConfigurationPlatforms) = preSolution
		Debug|Any CPU = Debug|Any CPU
		Release|Any CPU = Release|Any CPU
	EndGlobalSection
	GlobalSection(ProjectConfigurationPlatforms) = postSolution
		{7CA69792-9CAB-4D10-BF49-478C0662B9CA}.Debug|Any CPU.ActiveCfg = Debug|Any CPU
		{7CA69792-9CAB-4D10-BF49-478C0662B9CA}.Debug|Any CPU.Build.0 = Debug|Any CPU
		{7CA69792-9CAB-4D10-BF49-478C0662B9CA}.Release|Any CPU.ActiveCfg = Release|Any CPU
		{7CA69792-9CAB-4D10-BF49-478C0662B9CA}.Release|Any CPU.Build.0 = Release|Any CPU
		{5E6CF0C6-D457-4B72-906B-D15F014992A7}.Debug|Any CPU.ActiveCfg = Debug|Any CPU
		{5E6CF0C6-D457-4B72-906B-D15F014992A7}.Debug|Any CPU.Build.0 = Debug|Any CPU
		{5E6CF0C6-D457-4B72-906B-D15F014992A7}.Release|Any CPU.ActiveCfg = Release|Any CPU
		{5E6CF0C6-D457-4B72-906B-D15F014992A7}.Release|Any CPU.Build.0 = Release|Any CPU
		{70B6A37C-95B1-4F1F-8F41-79DD1B14C6BF}.Debug|Any CPU.ActiveCfg = Debug|Any CPU
		{70B6A37C-95B1-4F1F-8F41-79DD1B14C6BF}.Debug|Any CPU.Build.0 = Debug|Any CPU
		{70B6A37C-95B1-4F1F-8F41-79DD1B14C6BF}.Release|Any CPU.ActiveCfg = Release|Any CPU
		{70B6A37C-95B1-4F1F-8F41-79DD1B14C6BF}.Release|Any CPU.Build.0 = Release|Any CPU
		{0493B0D4-6D8E-4058-B3C9-725186B73C7F}.Debug|Any CPU.ActiveCfg = Debug|Any CPU
		{0493B0D4-6D8E-4058-B3C9-725186B73C7F}.Debug|Any CPU.Build.0 = Debug|Any CPU
		{0493B0D4-6D8E-4058-B3C9-725186B73C7F}.Release|Any CPU.ActiveCfg = Release|Any CPU
		{0493B0D4-6D8E-4058-B3C9-725186B73C7F}.Release|Any CPU.Build.0 = Release|Any CPU
		{316484E0-F3E7-4C0F-9518-40EC93B24D57}.Debug|Any CPU.ActiveCfg = Debug|Any CPU
		{316484E0-F3E7-4C0F-9518-40EC93B24D57}.Debug|Any CPU.Build.0 = Debug|Any CPU
		{316484E0-F3E7-4C0F-9518-40EC93B24D57}.Release|Any CPU.ActiveCfg = Release|Any CPU
		{316484E0-F3E7-4C0F-9518-40EC93B24D57}.Release|Any CPU.Build.0 = Release|Any CPU
		{48DCF5A6-EDFE-499E-90DC-6C232CFB389A}.Debug|Any CPU.ActiveCfg = Debug|Any CPU
		{48DCF5A6-EDFE-499E-90DC-6C232CFB389A}.Debug|Any CPU.Build.0 = Debug|Any CPU
		{48DCF5A6-EDFE-499E-90DC-6C232CFB389A}.Release|Any CPU.ActiveCfg = Release|Any CPU
		{48DCF5A6-EDFE-499E-90DC-6C232CFB389A}.Release|Any CPU.Build.0 = Release|Any CPU
		{4470D656-924D-40D2-8835-976D7A25C1FC}.Debug|Any CPU.ActiveCfg = Debug|Any CPU
		{4470D656-924D-40D2-8835-976D7A25C1FC}.Debug|Any CPU.Build.0 = Debug|Any CPU
		{4470D656-924D-40D2-8835-976D7A25C1FC}.Release|Any CPU.ActiveCfg = Release|Any CPU
		{4470D656-924D-40D2-8835-976D7A25C1FC}.Release|Any CPU.Build.0 = Release|Any CPU
		{EE4C0245-D268-41F2-B3C6-8D378F709840}.Debug|Any CPU.ActiveCfg = Debug|Any CPU
		{EE4C0245-D268-41F2-B3C6-8D378F709840}.Debug|Any CPU.Build.0 = Debug|Any CPU
		{EE4C0245-D268-41F2-B3C6-8D378F709840}.Release|Any CPU.ActiveCfg = Release|Any CPU
		{EE4C0245-D268-41F2-B3C6-8D378F709840}.Release|Any CPU.Build.0 = Release|Any CPU
		{E8B65384-BD23-4170-8292-11758A393F6E}.Debug|Any CPU.ActiveCfg = Debug|Any CPU
		{E8B65384-BD23-4170-8292-11758A393F6E}.Debug|Any CPU.Build.0 = Debug|Any CPU
		{E8B65384-BD23-4170-8292-11758A393F6E}.Release|Any CPU.ActiveCfg = Release|Any CPU
		{E8B65384-BD23-4170-8292-11758A393F6E}.Release|Any CPU.Build.0 = Release|Any CPU
		{6FD961A8-8725-448C-BFE0-3F890B810850}.Debug|Any CPU.ActiveCfg = Debug|Any CPU
		{6FD961A8-8725-448C-BFE0-3F890B810850}.Debug|Any CPU.Build.0 = Debug|Any CPU
		{6FD961A8-8725-448C-BFE0-3F890B810850}.Release|Any CPU.ActiveCfg = Release|Any CPU
		{6FD961A8-8725-448C-BFE0-3F890B810850}.Release|Any CPU.Build.0 = Release|Any CPU
		{9CCA846A-1ADE-4C62-A7C7-A5A4935E2A54}.Debug|Any CPU.ActiveCfg = Debug|Any CPU
		{9CCA846A-1ADE-4C62-A7C7-A5A4935E2A54}.Debug|Any CPU.Build.0 = Debug|Any CPU
		{9CCA846A-1ADE-4C62-A7C7-A5A4935E2A54}.Release|Any CPU.ActiveCfg = Release|Any CPU
		{9CCA846A-1ADE-4C62-A7C7-A5A4935E2A54}.Release|Any CPU.Build.0 = Release|Any CPU
		{8A8E3926-1024-4B15-B45F-8472EF0E5AEB}.Debug|Any CPU.ActiveCfg = Debug|Any CPU
		{8A8E3926-1024-4B15-B45F-8472EF0E5AEB}.Debug|Any CPU.Build.0 = Debug|Any CPU
		{8A8E3926-1024-4B15-B45F-8472EF0E5AEB}.Release|Any CPU.ActiveCfg = Release|Any CPU
		{8A8E3926-1024-4B15-B45F-8472EF0E5AEB}.Release|Any CPU.Build.0 = Release|Any CPU
	EndGlobalSection
	GlobalSection(SolutionProperties) = preSolution
		HideSolutionNode = FALSE
	EndGlobalSection
	GlobalSection(NestedProjects) = preSolution
		{9E0A49B8-FA08-42A7-A185-5063A20625BE} = {5371B40A-B93B-467B-A0EA-1700524CE892}
		{E583EAD3-484B-47AC-B08B-2B11A7F5132C} = {9E0A49B8-FA08-42A7-A185-5063A20625BE}
		{1CAC7338-E54F-4A8A-A30A-84E81CD46196} = {9E0A49B8-FA08-42A7-A185-5063A20625BE}
		{7CA69792-9CAB-4D10-BF49-478C0662B9CA} = {E583EAD3-484B-47AC-B08B-2B11A7F5132C}
		{5E6CF0C6-D457-4B72-906B-D15F014992A7} = {E583EAD3-484B-47AC-B08B-2B11A7F5132C}
		{70B6A37C-95B1-4F1F-8F41-79DD1B14C6BF} = {E583EAD3-484B-47AC-B08B-2B11A7F5132C}
		{0493B0D4-6D8E-4058-B3C9-725186B73C7F} = {1CAC7338-E54F-4A8A-A30A-84E81CD46196}
		{316484E0-F3E7-4C0F-9518-40EC93B24D57} = {E583EAD3-484B-47AC-B08B-2B11A7F5132C}
		{48DCF5A6-EDFE-499E-90DC-6C232CFB389A} = {E583EAD3-484B-47AC-B08B-2B11A7F5132C}
		{4470D656-924D-40D2-8835-976D7A25C1FC} = {E583EAD3-484B-47AC-B08B-2B11A7F5132C}
		{EE4C0245-D268-41F2-B3C6-8D378F709840} = {6A984489-F3DD-438E-929E-89327308C045}
		{E8B65384-BD23-4170-8292-11758A393F6E} = {6A984489-F3DD-438E-929E-89327308C045}
		{6FD961A8-8725-448C-BFE0-3F890B810850} = {6A984489-F3DD-438E-929E-89327308C045}
		{9CCA846A-1ADE-4C62-A7C7-A5A4935E2A54} = {6A984489-F3DD-438E-929E-89327308C045}
	EndGlobalSection
	GlobalSection(ExtensibilityGlobals) = postSolution
		SolutionGuid = {E784317D-4F69-4E68-B36F-CBF64376CD51}
	EndGlobalSection
EndGlobal
